
Microsoft Visual Studio Solution File, Format Version 12.00
# Visual Studio Version 17
VisualStudioVersion = 17.3.32901.215
MinimumVisualStudioVersion = 10.0.40219.1
Project("{FAE04EC0-301F-11D3-BF4B-00C04F79EFBC}") = "XmlSaxParser", "XmlSaxParser.csproj", "{065D7723-E446-4EC8-9AE2-527209D047C9}"
EndProject
Project("{FAE04EC0-301F-11D3-BF4B-00C04F79EFBC}") = "UnitTests", "UnitTests\UnitTests.csproj", "{44209CBB-14B3-4FDE-80A3-1617A997A398}"
EndProject
Global
	GlobalSection(SolutionConfigurationPlatforms) = preSolution
		Debug|Any CPU = Debug|Any CPU
		Release|Any CPU = Release|Any CPU
	EndGlobalSection
	GlobalSection(ProjectConfigurationPlatforms) = postSolution
		{065D7723-E446-4EC8-9AE2-527209D047C9}.Debug|Any CPU.ActiveCfg = Debug|Any CPU
		{065D7723-E446-4EC8-9AE2-527209D047C9}.Debug|Any CPU.Build.0 = Debug|Any CPU
		{065D7723-E446-4EC8-9AE2-527209D047C9}.Release|Any CPU.ActiveCfg = Release|Any CPU
		{065D7723-E446-4EC8-9AE2-527209D047C9}.Release|Any CPU.Build.0 = Release|Any CPU
		{44209CBB-14B3-4FDE-80A3-1617A997A398}.Debug|Any CPU.ActiveCfg = Debug|Any CPU
		{44209CBB-14B3-4FDE-80A3-1617A997A398}.Debug|Any CPU.Build.0 = Debug|Any CPU
		{44209CBB-14B3-4FDE-80A3-1617A997A398}.Release|Any CPU.ActiveCfg = Release|Any CPU
		{44209CBB-14B3-4FDE-80A3-1617A997A398}.Release|Any CPU.Build.0 = Release|Any CPU
	EndGlobalSection
	GlobalSection(SolutionProperties) = preSolution
		HideSolutionNode = FALSE
	EndGlobalSection
	GlobalSection(ExtensibilityGlobals) = postSolution
		SolutionGuid = {927569AD-DC87-421D-AF7A-0F2361DC0527}
	EndGlobalSection
EndGlobal
